// !$*UTF8*$!
{
	archiveVersion = 1;
	classes = {
	};
	objectVersion = 46;
	objects = {

/* Begin PBXBuildFile section */
		D24647541C9B0DC60021854D /* AppDelegate.swift in Sources */ = {isa = PBXBuildFile; fileRef = D24647531C9B0DC60021854D /* AppDelegate.swift */; };
		D24647561C9B0DC60021854D /* ViewController.swift in Sources */ = {isa = PBXBuildFile; fileRef = D24647551C9B0DC60021854D /* ViewController.swift */; };
		D24647591C9B0DC60021854D /* Main.storyboard in Resources */ = {isa = PBXBuildFile; fileRef = D24647571C9B0DC60021854D /* Main.storyboard */; };
		D246475B1C9B0DC60021854D /* Assets.xcassets in Resources */ = {isa = PBXBuildFile; fileRef = D246475A1C9B0DC60021854D /* Assets.xcassets */; };
		D246475E1C9B0DC60021854D /* LaunchScreen.storyboard in Resources */ = {isa = PBXBuildFile; fileRef = D246475C1C9B0DC60021854D /* LaunchScreen.storyboard */; };
/* End PBXBuildFile section */

/* Begin PBXFileReference section */
		D24647501C9B0DC60021854D /* hide-show-view.app */ = {isa = PBXFileReference; explicitFileType = wrapper.application; includeInIndex = 0; path = "hide-show-view.app"; sourceTree = BUILT_PRODUCTS_DIR; };
		D24647531C9B0DC60021854D /* AppDelegate.swift */ = {isa = PBXFileReference; lastKnownFileType = sourcecode.swift; path = AppDelegate.swift; sourceTree = "<group>"; };
		D24647551C9B0DC60021854D /* ViewController.swift */ = {isa = PBXFileReference; lastKnownFileType = sourcecode.swift; path = ViewController.swift; sourceTree = "<group>"; };
		D24647581C9B0DC60021854D /* Base */ = {isa = PBXFileReference; lastKnownFileType = file.storyboard; name = Base; path = Base.lproj/Main.storyboard; sourceTree = "<group>"; };
		D246475A1C9B0DC60021854D /* Assets.xcassets */ = {isa = PBXFileReference; lastKnownFileType = folder.assetcatalog; path = Assets.xcassets; sourceTree = "<group>"; };
		D246475D1C9B0DC60021854D /* Base */ = {isa = PBXFileReference; lastKnownFileType = file.storyboard; name = Base; path = Base.lproj/LaunchScreen.storyboard; sourceTree = "<group>"; };
		D246475F1C9B0DC60021854D /* Info.plist */ = {isa = PBXFileReference; lastKnownFileType = text.plist.xml; path = Info.plist; sourceTree = "<group>"; };
/* End PBXFileReference section */

/* Begin PBXFrameworksBuildPhase section */
		D246474D1C9B0DC60021854D /* Frameworks */ = {
			isa = PBXFrameworksBuildPhase;
			buildActionMask = 2147483647;
			files = (
			);
			runOnlyForDeploymentPostprocessing = 0;
		};
/* End PBXFrameworksBuildPhase section */

/* Begin PBXGroup section */
		D24647471C9B0DC60021854D = {
			isa = PBXGroup;
			children = (
				D24647521C9B0DC60021854D /* hide-show-view */,
				D24647511C9B0DC60021854D /* Products */,
			);
			sourceTree = "<group>";
		};
		D24647511C9B0DC60021854D /* Products */ = {
			isa = PBXGroup;
			children = (
				D24647501C9B0DC60021854D /* hide-show-view.app */,
			);
			name = Products;
			sourceTree = "<group>";
		};
		D24647521C9B0DC60021854D /* hide-show-view */ = {
			isa = PBXGroup;
			children = (
				D24647531C9B0DC60021854D /* AppDelegate.swift */,
				D24647551C9B0DC60021854D /* ViewController.swift */,
				D24647571C9B0DC60021854D /* Main.storyboard */,
				D246475A1C9B0DC60021854D /* Assets.xcassets */,
				D246475C1C9B0DC60021854D /* LaunchScreen.storyboard */,
				D246475F1C9B0DC60021854D /* Info.plist */,
			);
			path = "hide-show-view";
			sourceTree = "<group>";
		};
/* End PBXGroup section */

/* Begin PBXNativeTarget section */
		D246474F1C9B0DC60021854D /* hide-show-view */ = {
			isa = PBXNativeTarget;
			buildConfigurationList = D24647621C9B0DC60021854D /* Build configuration list for PBXNativeTarget "hide-show-view" */;
			buildPhases = (
				D246474C1C9B0DC60021854D /* Sources */,
				D246474D1C9B0DC60021854D /* Frameworks */,
				D246474E1C9B0DC60021854D /* Resources */,
			);
			buildRules = (
			);
			dependencies = (
			);
			name = "hide-show-view";
			productName = "hide-show-view";
			productReference = D24647501C9B0DC60021854D /* hide-show-view.app */;
			productType = "com.apple.product-type.application";
		};
/* End PBXNativeTarget section */

/* Begin PBXProject section */
		D24647481C9B0DC60021854D /* Project object */ = {
			isa = PBXProject;
			attributes = {
				LastSwiftUpdateCheck = 0720;
				LastUpgradeCheck = 0720;
				ORGANIZATIONNAME = "Russ Johnson";
				TargetAttributes = {
					D246474F1C9B0DC60021854D = {
						CreatedOnToolsVersion = 7.2.1;
					};
				};
			};
			buildConfigurationList = D246474B1C9B0DC60021854D /* Build configuration list for PBXProject "hide-show-view" */;
			compatibilityVersion = "Xcode 3.2";
			developmentRegion = English;
			hasScannedForEncodings = 0;
			knownRegions = (
				en,
				Base,
			);
			mainGroup = D24647471C9B0DC60021854D;
			productRefGroup = D24647511C9B0DC60021854D /* Products */;
			projectDirPath = "";
			projectRoot = "";
			targets = (
				D246474F1C9B0DC60021854D /* hide-show-view */,
			);
		};
/* End PBXProject section */

/* Begin PBXResourcesBuildPhase section */
		D246474E1C9B0DC60021854D /* Resources */ = {
			isa = PBXResourcesBuildPhase;
			buildActionMask = 2147483647;
			files = (
				D246475E1C9B0DC60021854D /* LaunchScreen.storyboard in Resources */,
				D246475B1C9B0DC60021854D /* Assets.xcassets in Resources */,
				D24647591C9B0DC60021854D /* Main.storyboard in Resources */,
			);
			runOnlyForDeploymentPostprocessing = 0;
		};
/* End PBXResourcesBuildPhase section */

/* Begin PBXSourcesBuildPhase section */
		D246474C1C9B0DC60021854D /* Sources */ = {
			isa = PBXSourcesBuildPhase;
			buildActionMask = 2147483647;
			files = (
				D24647561C9B0DC60021854D /* ViewController.swift in Sources */,
				D24647541C9B0DC60021854D /* AppDelegate.swift in Sources */,
			);
			runOnlyForDeploymentPostprocessing = 0;
		};
/* End PBXSourcesBuildPhase section */

/* Begin PBXVariantGroup section */
		D24647571C9B0DC60021854D /* Main.storyboard */ = {
			isa = PBXVariantGroup;
			children = (
				D24647581C9B0DC60021854D /* Base */,
			);
			name = Main.storyboard;
			sourceTree = "<group>";
		};
		D246475C1C9B0DC60021854D /* LaunchScreen.storyboard */ = {
			isa = PBXVariantGroup;
			children = (
				D246475D1C9B0DC60021854D /* Base */,
			);
			name = LaunchScreen.storyboard;
			sourceTree = "<group>";
		};
/* End PBXVariantGroup section */

/* Begin XCBuildConfiguration section */
		D24647601C9B0DC60021854D /* Debug */ = {
			isa = XCBuildConfiguration;
			buildSettings = {
				ALWAYS_SEARCH_USER_PATHS = NO;
				CLANG_CXX_LANGUAGE_STANDARD = "gnu++0x";
				CLANG_CXX_LIBRARY = "libc++";
				CLANG_ENABLE_MODULES = YES;
				CLANG_ENABLE_OBJC_ARC = YES;
				CLANG_WARN_BOOL_CONVERSION = YES;
				CLANG_WARN_CONSTANT_CONVERSION = YES;
				CLANG_WARN_DIRECT_OBJC_ISA_USAGE = YES_ERROR;
				CLANG_WARN_EMPTY_BODY = YES;
				CLANG_WARN_ENUM_CONVERSION = YES;
				CLANG_WARN_INT_CONVERSION = YES;
				CLANG_WARN_OBJC_ROOT_CLASS = YES_ERROR;
				CLANG_WARN_UNREACHABLE_CODE = YES;
				CLANG_WARN__DUPLICATE_METHOD_MATCH = YES;
				"CODE_SIGN_IDENTITY[sdk=iphoneos*]" = "iPhone Developer";
				COPY_PHASE_STRIP = NO;
				DEBUG_INFORMATION_FORMAT = dwarf;
				ENABLE_STRICT_OBJC_MSGSEND = YES;
				ENABLE_TESTABILITY = YES;
				GCC_C_LANGUAGE_STANDARD = gnu99;
				GCC_DYNAMIC_NO_PIC = NO;
				GCC_NO_COMMON_BLOCKS = YES;
				GCC_OPTIMIZATION_LEVEL = 0;
				GCC_PREPROCESSOR_DEFINITIONS = (
					"DEBUG=1",
					"$(inherited)",
				);
				GCC_WARN_64_TO_32_BIT_CONVERSION = YES;
				GCC_WARN_ABOUT_RETURN_TYPE = YES_ERROR;
				GCC_WARN_UNDECLARED_SELECTOR = YES;
				GCC_WARN_UNINITIALIZED_AUTOS = YES_AGGRESSIVE;
				GCC_WARN_UNUSED_FUNCTION = YES;
				GCC_WARN_UNUSED_VARIABLE = YES;
				IPHONEOS_DEPLOYMENT_TARGET = 9.2;
				MTL_ENABLE_DEBUG_INFO = YES;
				ONLY_ACTIVE_ARCH = YES;
				SDKROOT = iphoneos;
				SWIFT_OPTIMIZATION_LEVEL = "-Onone";
				TARGETED_DEVICE_FAMILY = "1,2";
			};
			name = Debug;
		};
		D24647611C9B0DC60021854D /* Release */ = {
			isa = XCBuildConfiguration;
			buildSettings = {
				ALWAYS_SEARCH_USER_PATHS = NO;
				CLANG_CXX_LANGUAGE_STANDARD = "gnu++0x";
				CLANG_CXX_LIBRARY = "libc++";
				CLANG_ENABLE_MODULES = YES;
				CLANG_ENABLE_OBJC_ARC = YES;
				CLANG_WARN_BOOL_CONVERSION = YES;
				CLANG_WARN_CONSTANT_CONVERSION = YES;
				CLANG_WARN_DIRECT_OBJC_ISA_USAGE = YES_ERROR;
				CLANG_WARN_EMPTY_BODY = YES;
				CLANG_WARN_ENUM_CONVERSION = YES;
				CLANG_WARN_INT_CONVERSION = YES;
				CLANG_WARN_OBJC_ROOT_CLASS = YES_ERROR;
				CLANG_WARN_UNREACHABLE_CODE = YES;
				CLANG_WARN__DUPLICATE_METHOD_MATCH = YES;
				"CODE_SIGN_IDENTITY[sdk=iphoneos*]" = "iPhone Developer";
				COPY_PHASE_STRIP = NO;
				DEBUG_INFORMATION_FORMAT = "dwarf-with-dsym";
				ENABLE_NS_ASSERTIONS = NO;
				ENABLE_STRICT_OBJC_MSGSEND = YES;
				GCC_C_LANGUAGE_STANDARD = gnu99;
				GCC_NO_COMMON_BLOCKS = YES;
				GCC_WARN_64_TO_32_BIT_CONVERSION = YES;
				GCC_WARN_ABOUT_RETURN_TYPE = YES_ERROR;
				GCC_WARN_UNDECLARED_SELECTOR = YES;
				GCC_WARN_UNINITIALIZED_AUTOS = YES_AGGRESSIVE;
				GCC_WARN_UNUSED_FUNCTION = YES;
				GCC_WARN_UNUSED_VARIABLE = YES;
				IPHONEOS_DEPLOYMENT_TARGET = 9.2;
				MTL_ENABLE_DEBUG_INFO = NO;
				SDKROOT = iphoneos;
				TARGETED_DEVICE_FAMILY = "1,2";
				VALIDATE_PRODUCT = YES;
			};
			name = Release;
		};
		D24647631C9B0DC60021854D /* Debug */ = {
			isa = XCBuildConfiguration;
			buildSettings = {
				ASSETCATALOG_COMPILER_APPICON_NAME = AppIcon;
				INFOPLIST_FILE = "hide-show-view/Info.plist";
				LD_RUNPATH_SEARCH_PATHS = "$(inherited) @executable_path/Frameworks";
				PRODUCT_BUNDLE_IDENTIFIER = "com.angry-fly.hide-show-view";
				PRODUCT_NAME = "$(TARGET_NAME)";
			};
			name = Debug;
		};
		D24647641C9B0DC60021854D /* Release */ = {
			isa = XCBuildConfiguration;
			buildSettings = {
				ASSETCATALOG_COMPILER_APPICON_NAME = AppIcon;
				INFOPLIST_FILE = "hide-show-view/Info.plist";
				LD_RUNPATH_SEARCH_PATHS = "$(inherited) @executable_path/Frameworks";
				PRODUCT_BUNDLE_IDENTIFIER = "com.angry-fly.hide-show-view";
				PRODUCT_NAME = "$(TARGET_NAME)";
			};
			name = Release;
		};
/* End XCBuildConfiguration section */

/* Begin XCConfigurationList section */
		D246474B1C9B0DC60021854D /* Build configuration list for PBXProject "hide-show-view" */ = {
			isa = XCConfigurationList;
			buildConfigurations = (
				D24647601C9B0DC60021854D /* Debug */,
				D24647611C9B0DC60021854D /* Release */,
			);
			defaultConfigurationIsVisible = 0;
			defaultConfigurationName = Release;
		};
		D24647621C9B0DC60021854D /* Build configuration list for PBXNativeTarget "hide-show-view" */ = {
			isa = XCConfigurationList;
			buildConfigurations = (
				D24647631C9B0DC60021854D /* Debug */,
				D24647641C9B0DC60021854D /* Release */,
			);
			defaultConfigurationIsVisible = 0;
		};
/* End XCConfigurationList section */
	};
	rootObject = D24647481C9B0DC60021854D /* Project object */;
}
